# Tests pass with these versions 2024-04-24
# pip install --no-deps -r tests/requirements.lock
certifi==2024.2.2
charset-normalizer==3.3.2
hjson==3.1.0
idna==3.6
mo-collections==5.606.24115
mo-dots==9.606.24115
mo-files==6.606.24115
mo-future==7.584.24095
mo-imports==7.584.24095
mo-json==6.606.24115
mo-json-config==4.606.24115
mo-kwargs==7.606.24115
mo-logs==8.606.24115
mo-math==7.606.24115
mo-testing==8.591.24112
mo-threads==6.606.24115
mo-times==5.606.24115
requests==2.31.0
urllib3==2.2.0